{
  "requires": true,
  "lockfileVersion": 1,
  "dependencies": {
    "vue-count-to": {
      "version": "1.0.13",
      "resolved": "https://registry.npmjs.org/vue-count-to/-/vue-count-to-1.0.13.tgz",
      "integrity": "sha512-6R4OVBVNtQTlcbXu6SJ8ENR35M2/CdWt3Jmv57jOUM+1ojiFmjVGvZPH8DfHpMDSA+ITs+EW5V6qthADxeyYOQ=="
    }
  }
}
